
Microsoft Visual Studio Solution File, Format Version 12.00
# Visual Studio Version 16
VisualStudioVersion = 16.0.31410.357
MinimumVisualStudioVersion = 10.0.40219.1
Project("{9A19103F-16F7-4668-BE54-9A1E7A4F7556}") = "MetricsAgent", "MetricsAgent\MetricsAgent.csproj", "{9CCE8C3C-5F2A-41DA-A936-6D7DFA6BA9DA}"
EndProject
Project("{9A19103F-16F7-4668-BE54-9A1E7A4F7556}") = "MetricsAgent.Tests", "MetricsAgent.Tests\MetricsAgent.Tests.csproj", "{10228D4B-DFD5-405E-9298-0400F31372D2}"
EndProject
Project("{9A19103F-16F7-4668-BE54-9A1E7A4F7556}") = "MetricsManager", "MetricsManager\MetricsManager.csproj", "{A700D4AE-B73A-4B9B-9A36-0DE031D35E25}"
EndProject
Project("{9A19103F-16F7-4668-BE54-9A1E7A4F7556}") = "MetricsManager.Tests", "MetricsManager.Tests\MetricsManager.Tests.csproj", "{67002F7E-6FB9-4311-B9E1-551A0F3D0BBF}"
EndProject
Global
	GlobalSection(SolutionConfigurationPlatforms) = preSolution
		Debug|Any CPU = Debug|Any CPU
		Release|Any CPU = Release|Any CPU
	EndGlobalSection
	GlobalSection(ProjectConfigurationPlatforms) = postSolution
		{9CCE8C3C-5F2A-41DA-A936-6D7DFA6BA9DA}.Debug|Any CPU.ActiveCfg = Debug|Any CPU
		{9CCE8C3C-5F2A-41DA-A936-6D7DFA6BA9DA}.Debug|Any CPU.Build.0 = Debug|Any CPU
		{9CCE8C3C-5F2A-41DA-A936-6D7DFA6BA9DA}.Release|Any CPU.ActiveCfg = Release|Any CPU
		{9CCE8C3C-5F2A-41DA-A936-6D7DFA6BA9DA}.Release|Any CPU.Build.0 = Release|Any CPU
		{10228D4B-DFD5-405E-9298-0400F31372D2}.Debug|Any CPU.ActiveCfg = Debug|Any CPU
		{10228D4B-DFD5-405E-9298-0400F31372D2}.Debug|Any CPU.Build.0 = Debug|Any CPU
		{10228D4B-DFD5-405E-9298-0400F31372D2}.Release|Any CPU.ActiveCfg = Release|Any CPU
		{10228D4B-DFD5-405E-9298-0400F31372D2}.Release|Any CPU.Build.0 = Release|Any CPU
		{A700D4AE-B73A-4B9B-9A36-0DE031D35E25}.Debug|Any CPU.ActiveCfg = Debug|Any CPU
		{A700D4AE-B73A-4B9B-9A36-0DE031D35E25}.Debug|Any CPU.Build.0 = Debug|Any CPU
		{A700D4AE-B73A-4B9B-9A36-0DE031D35E25}.Release|Any CPU.ActiveCfg = Release|Any CPU
		{A700D4AE-B73A-4B9B-9A36-0DE031D35E25}.Release|Any CPU.Build.0 = Release|Any CPU
		{67002F7E-6FB9-4311-B9E1-551A0F3D0BBF}.Debug|Any CPU.ActiveCfg = Debug|Any CPU
		{67002F7E-6FB9-4311-B9E1-551A0F3D0BBF}.Debug|Any CPU.Build.0 = Debug|Any CPU
		{67002F7E-6FB9-4311-B9E1-551A0F3D0BBF}.Release|Any CPU.ActiveCfg = Release|Any CPU
		{67002F7E-6FB9-4311-B9E1-551A0F3D0BBF}.Release|Any CPU.Build.0 = Release|Any CPU
	EndGlobalSection
	GlobalSection(SolutionProperties) = preSolution
		HideSolutionNode = FALSE
	EndGlobalSection
	GlobalSection(ExtensibilityGlobals) = postSolution
		SolutionGuid = {41E19EF8-BF48-4A87-83DA-2267110E7648}
	EndGlobalSection
EndGlobal
